// !$*UTF8*$!
{
	archiveVersion = 1;
	classes = {
	};
	objectVersion = 55;
	objects = {

/* Begin PBXBuildFile section */
		1C4D1E112A90517F00CB39E2 /* RMLocation.swift in Sources */ = {isa = PBXBuildFile; fileRef = 1C4D1E102A90517F00CB39E2 /* RMLocation.swift */; };
		1C4D1E132A90519100CB39E2 /* RMCharacter.swift in Sources */ = {isa = PBXBuildFile; fileRef = 1C4D1E122A90519100CB39E2 /* RMCharacter.swift */; };
		1C4D1E152A9051AC00CB39E2 /* RMEpisode.swift in Sources */ = {isa = PBXBuildFile; fileRef = 1C4D1E142A9051AC00CB39E2 /* RMEpisode.swift */; };
		1C4D1E182A90522400CB39E2 /* RMCharacterViewController.swift in Sources */ = {isa = PBXBuildFile; fileRef = 1C4D1E172A90522400CB39E2 /* RMCharacterViewController.swift */; };
		1C4D1E1A2A90523300CB39E2 /* RMLocationViewController.swift in Sources */ = {isa = PBXBuildFile; fileRef = 1C4D1E192A90523300CB39E2 /* RMLocationViewController.swift */; };
		1C4D1E1C2A90524500CB39E2 /* RMEpisodeViewController.swift in Sources */ = {isa = PBXBuildFile; fileRef = 1C4D1E1B2A90524500CB39E2 /* RMEpisodeViewController.swift */; };
		1C4D1E1E2A90527300CB39E2 /* RMSettingsViewController.swift in Sources */ = {isa = PBXBuildFile; fileRef = 1C4D1E1D2A90527300CB39E2 /* RMSettingsViewController.swift */; };
		1C4D1E202A9065B600CB39E2 /* RMService.swift in Sources */ = {isa = PBXBuildFile; fileRef = 1C4D1E1F2A9065B600CB39E2 /* RMService.swift */; };
		1C4D1E222A9065D200CB39E2 /* RMRequest.swift in Sources */ = {isa = PBXBuildFile; fileRef = 1C4D1E212A9065D100CB39E2 /* RMRequest.swift */; };
		1C4D1E242A90665C00CB39E2 /* RMEndpoint.swift in Sources */ = {isa = PBXBuildFile; fileRef = 1C4D1E232A90665C00CB39E2 /* RMEndpoint.swift */; };
		1C4D1E262A90711400CB39E2 /* RMOrigin.swift in Sources */ = {isa = PBXBuildFile; fileRef = 1C4D1E252A90711400CB39E2 /* RMOrigin.swift */; };
		1C4D1E282A90718100CB39E2 /* RMSingleLocation.swift in Sources */ = {isa = PBXBuildFile; fileRef = 1C4D1E272A90718100CB39E2 /* RMSingleLocation.swift */; };
		1C4D1E2C2A914E2600CB39E2 /* RMGetAllCharactersResponse.swift in Sources */ = {isa = PBXBuildFile; fileRef = 1C4D1E2B2A914E2600CB39E2 /* RMGetAllCharactersResponse.swift */; };
		1C4D1E2E2A91539D00CB39E2 /* RMCharacterListViewViewModel.swift in Sources */ = {isa = PBXBuildFile; fileRef = 1C4D1E2D2A91539D00CB39E2 /* RMCharacterListViewViewModel.swift */; };
		1C4D1E302A91541000CB39E2 /* RMCharacterListView.swift in Sources */ = {isa = PBXBuildFile; fileRef = 1C4D1E2F2A91541000CB39E2 /* RMCharacterListView.swift */; };
		1C4D1E322A9157B400CB39E2 /* Extensions.swift in Sources */ = {isa = PBXBuildFile; fileRef = 1C4D1E312A9157B400CB39E2 /* Extensions.swift */; };
		1C4D1E342A91724100CB39E2 /* RMCharacterCollectionViewCell.swift in Sources */ = {isa = PBXBuildFile; fileRef = 1C4D1E332A91724100CB39E2 /* RMCharacterCollectionViewCell.swift */; };
		1C4D1E362A91736D00CB39E2 /* RMCharacterCollectionViewCellViewModel.swift in Sources */ = {isa = PBXBuildFile; fileRef = 1C4D1E352A91736D00CB39E2 /* RMCharacterCollectionViewCellViewModel.swift */; };
		1C4D1E392A91C1E300CB39E2 /* RMCharacterDetailViewController.swift in Sources */ = {isa = PBXBuildFile; fileRef = 1C4D1E382A91C1E300CB39E2 /* RMCharacterDetailViewController.swift */; };
		1C4D1E3B2A91C2B700CB39E2 /* RMCharacterDetailView.swift in Sources */ = {isa = PBXBuildFile; fileRef = 1C4D1E3A2A91C2B700CB39E2 /* RMCharacterDetailView.swift */; };
		1C4D1E3D2A91C2CF00CB39E2 /* RMCharacterDetailViewViewModel.swift in Sources */ = {isa = PBXBuildFile; fileRef = 1C4D1E3C2A91C2CF00CB39E2 /* RMCharacterDetailViewViewModel.swift */; };
		1C4D1E3F2A9219A700CB39E2 /* RMFooterLoadingCollectionReusableView.swift in Sources */ = {isa = PBXBuildFile; fileRef = 1C4D1E3E2A9219A700CB39E2 /* RMFooterLoadingCollectionReusableView.swift */; };
		1C4D1E422A957C9D00CB39E2 /* RMImageLoader.swift in Sources */ = {isa = PBXBuildFile; fileRef = 1C4D1E412A957C9D00CB39E2 /* RMImageLoader.swift */; };
		1C4D1E462A95B2EB00CB39E2 /* RMCharacterPhotoCollectionViewCell.swift in Sources */ = {isa = PBXBuildFile; fileRef = 1C4D1E452A95B2EB00CB39E2 /* RMCharacterPhotoCollectionViewCell.swift */; };
		1C4D1E482A95B2F800CB39E2 /* RMCharacterInfoCollectionViewCell.swift in Sources */ = {isa = PBXBuildFile; fileRef = 1C4D1E472A95B2F800CB39E2 /* RMCharacterInfoCollectionViewCell.swift */; };
		1C4D1E4A2A95B31000CB39E2 /* RMCharacterEpisodeCollectionViewCell.swift in Sources */ = {isa = PBXBuildFile; fileRef = 1C4D1E492A95B31000CB39E2 /* RMCharacterEpisodeCollectionViewCell.swift */; };
		1C4D1E4D2A95B34B00CB39E2 /* RMCharacterPhotoCollectionViewCellViewModel.swift in Sources */ = {isa = PBXBuildFile; fileRef = 1C4D1E4C2A95B34B00CB39E2 /* RMCharacterPhotoCollectionViewCellViewModel.swift */; };
		1C4D1E4F2A95B36200CB39E2 /* RMCharacterInfoCollectionViewCellViewModel.swift in Sources */ = {isa = PBXBuildFile; fileRef = 1C4D1E4E2A95B36200CB39E2 /* RMCharacterInfoCollectionViewCellViewModel.swift */; };
		1C4D1E512A95B37200CB39E2 /* RMCharacterEpisodeCollectionViewCellViewModel.swift in Sources */ = {isa = PBXBuildFile; fileRef = 1C4D1E502A95B37200CB39E2 /* RMCharacterEpisodeCollectionViewCellViewModel.swift */; };
		1C51E37C2A9C3E6700BAFB6B /* RMEpisodeDetailViewController.swift in Sources */ = {isa = PBXBuildFile; fileRef = 1C51E37B2A9C3E6700BAFB6B /* RMEpisodeDetailViewController.swift */; };
		1C51E37E2A9C40FB00BAFB6B /* RMAPICacheManager.swift in Sources */ = {isa = PBXBuildFile; fileRef = 1C51E37D2A9C40FB00BAFB6B /* RMAPICacheManager.swift */; };
		1C51E3812A9C458800BAFB6B /* RMEpisodeDetailViewViewModel.swift in Sources */ = {isa = PBXBuildFile; fileRef = 1C51E3802A9C458800BAFB6B /* RMEpisodeDetailViewViewModel.swift */; };
		1C51E3842A9C45C500BAFB6B /* RMEpisodeDetailView.swift in Sources */ = {isa = PBXBuildFile; fileRef = 1C51E3832A9C45C500BAFB6B /* RMEpisodeDetailView.swift */; };
		1C51E3892A9EFBCB00BAFB6B /* RMEpisodeListView.swift in Sources */ = {isa = PBXBuildFile; fileRef = 1C51E3882A9EFBCB00BAFB6B /* RMEpisodeListView.swift */; };
		1C51E38B2A9EFE8F00BAFB6B /* RMEpisodeListViewViewModel.swift in Sources */ = {isa = PBXBuildFile; fileRef = 1C51E38A2A9EFE8F00BAFB6B /* RMEpisodeListViewViewModel.swift */; };
		1C51E38D2A9F00FA00BAFB6B /* RMGetAllEpisodesResponse.swift in Sources */ = {isa = PBXBuildFile; fileRef = 1C51E38C2A9F00FA00BAFB6B /* RMGetAllEpisodesResponse.swift */; };
		1C51E38F2AB7777000BAFB6B /* RMSearchViewController.swift in Sources */ = {isa = PBXBuildFile; fileRef = 1C51E38E2AB7777000BAFB6B /* RMSearchViewController.swift */; };
		1C51E3922AB7BF4A00BAFB6B /* RMEpisodeInfoCollectionViewCell.swift in Sources */ = {isa = PBXBuildFile; fileRef = 1C51E3912AB7BF4A00BAFB6B /* RMEpisodeInfoCollectionViewCell.swift */; };
		1C51E3952AB7BFA100BAFB6B /* RMEpisodeInfoCollectionViewCellViewModel.swift in Sources */ = {isa = PBXBuildFile; fileRef = 1C51E3942AB7BFA100BAFB6B /* RMEpisodeInfoCollectionViewCellViewModel.swift */; };
		1C51E3982AB7E36700BAFB6B /* RMSettingsViewViewModel.swift in Sources */ = {isa = PBXBuildFile; fileRef = 1C51E3972AB7E36700BAFB6B /* RMSettingsViewViewModel.swift */; };
		1C51E39A2AB7E3BC00BAFB6B /* RMSettingsCellViewModel.swift in Sources */ = {isa = PBXBuildFile; fileRef = 1C51E3992AB7E3BC00BAFB6B /* RMSettingsCellViewModel.swift */; };
		1C51E39C2AB7E45100BAFB6B /* RMSettingsOption.swift in Sources */ = {isa = PBXBuildFile; fileRef = 1C51E39B2AB7E45100BAFB6B /* RMSettingsOption.swift */; };
		1C51E39F2AB7E7FB00BAFB6B /* RMSettingsView.swift in Sources */ = {isa = PBXBuildFile; fileRef = 1C51E39E2AB7E7FB00BAFB6B /* RMSettingsView.swift */; };
		1CE9B7FA2A8DF4F3004FF901 /* AppDelegate.swift in Sources */ = {isa = PBXBuildFile; fileRef = 1CE9B7F92A8DF4F3004FF901 /* AppDelegate.swift */; };
		1CE9B7FC2A8DF4F3004FF901 /* SceneDelegate.swift in Sources */ = {isa = PBXBuildFile; fileRef = 1CE9B7FB2A8DF4F3004FF901 /* SceneDelegate.swift */; };
		1CE9B7FE2A8DF4F3004FF901 /* RMTabBarController.swift in Sources */ = {isa = PBXBuildFile; fileRef = 1CE9B7FD2A8DF4F3004FF901 /* RMTabBarController.swift */; };
		1CE9B8032A8DF50C004FF901 /* Assets.xcassets in Resources */ = {isa = PBXBuildFile; fileRef = 1CE9B8022A8DF50C004FF901 /* Assets.xcassets */; };
		1CE9B8062A8DF50C004FF901 /* LaunchScreen.storyboard in Resources */ = {isa = PBXBuildFile; fileRef = 1CE9B8042A8DF50C004FF901 /* LaunchScreen.storyboard */; };
/* End PBXBuildFile section */

/* Begin PBXFileReference section */
		1C4D1E102A90517F00CB39E2 /* RMLocation.swift */ = {isa = PBXFileReference; lastKnownFileType = sourcecode.swift; path = RMLocation.swift; sourceTree = "<group>"; };
		1C4D1E122A90519100CB39E2 /* RMCharacter.swift */ = {isa = PBXFileReference; lastKnownFileType = sourcecode.swift; path = RMCharacter.swift; sourceTree = "<group>"; };
		1C4D1E142A9051AC00CB39E2 /* RMEpisode.swift */ = {isa = PBXFileReference; lastKnownFileType = sourcecode.swift; path = RMEpisode.swift; sourceTree = "<group>"; };
		1C4D1E172A90522400CB39E2 /* RMCharacterViewController.swift */ = {isa = PBXFileReference; lastKnownFileType = sourcecode.swift; path = RMCharacterViewController.swift; sourceTree = "<group>"; };
		1C4D1E192A90523300CB39E2 /* RMLocationViewController.swift */ = {isa = PBXFileReference; lastKnownFileType = sourcecode.swift; path = RMLocationViewController.swift; sourceTree = "<group>"; };
		1C4D1E1B2A90524500CB39E2 /* RMEpisodeViewController.swift */ = {isa = PBXFileReference; lastKnownFileType = sourcecode.swift; path = RMEpisodeViewController.swift; sourceTree = "<group>"; };
		1C4D1E1D2A90527300CB39E2 /* RMSettingsViewController.swift */ = {isa = PBXFileReference; lastKnownFileType = sourcecode.swift; path = RMSettingsViewController.swift; sourceTree = "<group>"; };
		1C4D1E1F2A9065B600CB39E2 /* RMService.swift */ = {isa = PBXFileReference; lastKnownFileType = sourcecode.swift; path = RMService.swift; sourceTree = "<group>"; };
		1C4D1E212A9065D100CB39E2 /* RMRequest.swift */ = {isa = PBXFileReference; lastKnownFileType = sourcecode.swift; path = RMRequest.swift; sourceTree = "<group>"; };
		1C4D1E232A90665C00CB39E2 /* RMEndpoint.swift */ = {isa = PBXFileReference; lastKnownFileType = sourcecode.swift; path = RMEndpoint.swift; sourceTree = "<group>"; };
		1C4D1E252A90711400CB39E2 /* RMOrigin.swift */ = {isa = PBXFileReference; lastKnownFileType = sourcecode.swift; path = RMOrigin.swift; sourceTree = "<group>"; };
		1C4D1E272A90718100CB39E2 /* RMSingleLocation.swift */ = {isa = PBXFileReference; lastKnownFileType = sourcecode.swift; path = RMSingleLocation.swift; sourceTree = "<group>"; };
		1C4D1E2B2A914E2600CB39E2 /* RMGetAllCharactersResponse.swift */ = {isa = PBXFileReference; lastKnownFileType = sourcecode.swift; path = RMGetAllCharactersResponse.swift; sourceTree = "<group>"; };
		1C4D1E2D2A91539D00CB39E2 /* RMCharacterListViewViewModel.swift */ = {isa = PBXFileReference; lastKnownFileType = sourcecode.swift; path = RMCharacterListViewViewModel.swift; sourceTree = "<group>"; };
		1C4D1E2F2A91541000CB39E2 /* RMCharacterListView.swift */ = {isa = PBXFileReference; lastKnownFileType = sourcecode.swift; path = RMCharacterListView.swift; sourceTree = "<group>"; };
		1C4D1E312A9157B400CB39E2 /* Extensions.swift */ = {isa = PBXFileReference; lastKnownFileType = sourcecode.swift; path = Extensions.swift; sourceTree = "<group>"; };
		1C4D1E332A91724100CB39E2 /* RMCharacterCollectionViewCell.swift */ = {isa = PBXFileReference; lastKnownFileType = sourcecode.swift; path = RMCharacterCollectionViewCell.swift; sourceTree = "<group>"; };
		1C4D1E352A91736D00CB39E2 /* RMCharacterCollectionViewCellViewModel.swift */ = {isa = PBXFileReference; lastKnownFileType = sourcecode.swift; path = RMCharacterCollectionViewCellViewModel.swift; sourceTree = "<group>"; };
		1C4D1E382A91C1E300CB39E2 /* RMCharacterDetailViewController.swift */ = {isa = PBXFileReference; lastKnownFileType = sourcecode.swift; path = RMCharacterDetailViewController.swift; sourceTree = "<group>"; };
		1C4D1E3A2A91C2B700CB39E2 /* RMCharacterDetailView.swift */ = {isa = PBXFileReference; lastKnownFileType = sourcecode.swift; path = RMCharacterDetailView.swift; sourceTree = "<group>"; };
		1C4D1E3C2A91C2CF00CB39E2 /* RMCharacterDetailViewViewModel.swift */ = {isa = PBXFileReference; lastKnownFileType = sourcecode.swift; path = RMCharacterDetailViewViewModel.swift; sourceTree = "<group>"; };
		1C4D1E3E2A9219A700CB39E2 /* RMFooterLoadingCollectionReusableView.swift */ = {isa = PBXFileReference; lastKnownFileType = sourcecode.swift; path = RMFooterLoadingCollectionReusableView.swift; sourceTree = "<group>"; };
		1C4D1E412A957C9D00CB39E2 /* RMImageLoader.swift */ = {isa = PBXFileReference; lastKnownFileType = sourcecode.swift; path = RMImageLoader.swift; sourceTree = "<group>"; };
		1C4D1E452A95B2EB00CB39E2 /* RMCharacterPhotoCollectionViewCell.swift */ = {isa = PBXFileReference; lastKnownFileType = sourcecode.swift; path = RMCharacterPhotoCollectionViewCell.swift; sourceTree = "<group>"; };
		1C4D1E472A95B2F800CB39E2 /* RMCharacterInfoCollectionViewCell.swift */ = {isa = PBXFileReference; lastKnownFileType = sourcecode.swift; path = RMCharacterInfoCollectionViewCell.swift; sourceTree = "<group>"; };
		1C4D1E492A95B31000CB39E2 /* RMCharacterEpisodeCollectionViewCell.swift */ = {isa = PBXFileReference; lastKnownFileType = sourcecode.swift; path = RMCharacterEpisodeCollectionViewCell.swift; sourceTree = "<group>"; };
		1C4D1E4C2A95B34B00CB39E2 /* RMCharacterPhotoCollectionViewCellViewModel.swift */ = {isa = PBXFileReference; lastKnownFileType = sourcecode.swift; path = RMCharacterPhotoCollectionViewCellViewModel.swift; sourceTree = "<group>"; };
		1C4D1E4E2A95B36200CB39E2 /* RMCharacterInfoCollectionViewCellViewModel.swift */ = {isa = PBXFileReference; lastKnownFileType = sourcecode.swift; path = RMCharacterInfoCollectionViewCellViewModel.swift; sourceTree = "<group>"; };
		1C4D1E502A95B37200CB39E2 /* RMCharacterEpisodeCollectionViewCellViewModel.swift */ = {isa = PBXFileReference; lastKnownFileType = sourcecode.swift; path = RMCharacterEpisodeCollectionViewCellViewModel.swift; sourceTree = "<group>"; };
		1C51E37B2A9C3E6700BAFB6B /* RMEpisodeDetailViewController.swift */ = {isa = PBXFileReference; lastKnownFileType = sourcecode.swift; path = RMEpisodeDetailViewController.swift; sourceTree = "<group>"; };
		1C51E37D2A9C40FB00BAFB6B /* RMAPICacheManager.swift */ = {isa = PBXFileReference; lastKnownFileType = sourcecode.swift; path = RMAPICacheManager.swift; sourceTree = "<group>"; };
		1C51E3802A9C458800BAFB6B /* RMEpisodeDetailViewViewModel.swift */ = {isa = PBXFileReference; lastKnownFileType = sourcecode.swift; path = RMEpisodeDetailViewViewModel.swift; sourceTree = "<group>"; };
		1C51E3832A9C45C500BAFB6B /* RMEpisodeDetailView.swift */ = {isa = PBXFileReference; lastKnownFileType = sourcecode.swift; path = RMEpisodeDetailView.swift; sourceTree = "<group>"; };
		1C51E3882A9EFBCB00BAFB6B /* RMEpisodeListView.swift */ = {isa = PBXFileReference; lastKnownFileType = sourcecode.swift; path = RMEpisodeListView.swift; sourceTree = "<group>"; };
		1C51E38A2A9EFE8F00BAFB6B /* RMEpisodeListViewViewModel.swift */ = {isa = PBXFileReference; lastKnownFileType = sourcecode.swift; path = RMEpisodeListViewViewModel.swift; sourceTree = "<group>"; };
		1C51E38C2A9F00FA00BAFB6B /* RMGetAllEpisodesResponse.swift */ = {isa = PBXFileReference; lastKnownFileType = sourcecode.swift; path = RMGetAllEpisodesResponse.swift; sourceTree = "<group>"; };
		1C51E38E2AB7777000BAFB6B /* RMSearchViewController.swift */ = {isa = PBXFileReference; lastKnownFileType = sourcecode.swift; path = RMSearchViewController.swift; sourceTree = "<group>"; };
		1C51E3912AB7BF4A00BAFB6B /* RMEpisodeInfoCollectionViewCell.swift */ = {isa = PBXFileReference; lastKnownFileType = sourcecode.swift; name = RMEpisodeInfoCollectionViewCell.swift; path = RickAndMorty/Views/EpisodeDetail/RMEpisodeInfoCollectionViewCell.swift; sourceTree = SOURCE_ROOT; };
		1C51E3942AB7BFA100BAFB6B /* RMEpisodeInfoCollectionViewCellViewModel.swift */ = {isa = PBXFileReference; lastKnownFileType = sourcecode.swift; path = RMEpisodeInfoCollectionViewCellViewModel.swift; sourceTree = "<group>"; };
		1C51E3972AB7E36700BAFB6B /* RMSettingsViewViewModel.swift */ = {isa = PBXFileReference; lastKnownFileType = sourcecode.swift; path = RMSettingsViewViewModel.swift; sourceTree = "<group>"; };
		1C51E3992AB7E3BC00BAFB6B /* RMSettingsCellViewModel.swift */ = {isa = PBXFileReference; lastKnownFileType = sourcecode.swift; path = RMSettingsCellViewModel.swift; sourceTree = "<group>"; };
		1C51E39B2AB7E45100BAFB6B /* RMSettingsOption.swift */ = {isa = PBXFileReference; lastKnownFileType = sourcecode.swift; path = RMSettingsOption.swift; sourceTree = "<group>"; };
		1C51E39E2AB7E7FB00BAFB6B /* RMSettingsView.swift */ = {isa = PBXFileReference; lastKnownFileType = sourcecode.swift; path = RMSettingsView.swift; sourceTree = "<group>"; };
		1CE9B7F62A8DF4F3004FF901 /* RickAndMorty.app */ = {isa = PBXFileReference; explicitFileType = wrapper.application; includeInIndex = 0; path = RickAndMorty.app; sourceTree = BUILT_PRODUCTS_DIR; };
		1CE9B7F92A8DF4F3004FF901 /* AppDelegate.swift */ = {isa = PBXFileReference; lastKnownFileType = sourcecode.swift; path = AppDelegate.swift; sourceTree = "<group>"; };
		1CE9B7FB2A8DF4F3004FF901 /* SceneDelegate.swift */ = {isa = PBXFileReference; lastKnownFileType = sourcecode.swift; path = SceneDelegate.swift; sourceTree = "<group>"; };
		1CE9B7FD2A8DF4F3004FF901 /* RMTabBarController.swift */ = {isa = PBXFileReference; lastKnownFileType = sourcecode.swift; path = RMTabBarController.swift; sourceTree = "<group>"; };
		1CE9B8022A8DF50C004FF901 /* Assets.xcassets */ = {isa = PBXFileReference; lastKnownFileType = folder.assetcatalog; path = Assets.xcassets; sourceTree = "<group>"; };
		1CE9B8052A8DF50C004FF901 /* Base */ = {isa = PBXFileReference; lastKnownFileType = file.storyboard; name = Base; path = Base.lproj/LaunchScreen.storyboard; sourceTree = "<group>"; };
		1CE9B8072A8DF50C004FF901 /* Info.plist */ = {isa = PBXFileReference; lastKnownFileType = text.plist.xml; path = Info.plist; sourceTree = "<group>"; };
/* End PBXFileReference section */

/* Begin PBXFrameworksBuildPhase section */
		1CE9B7F32A8DF4F3004FF901 /* Frameworks */ = {
			isa = PBXFrameworksBuildPhase;
			buildActionMask = 2147483647;
			files = (
			);
			runOnlyForDeploymentPostprocessing = 0;
		};
/* End PBXFrameworksBuildPhase section */

/* Begin PBXGroup section */
		1C4D1E162A9051FB00CB39E2 /* Core */ = {
			isa = PBXGroup;
			children = (
				1CE9B7FD2A8DF4F3004FF901 /* RMTabBarController.swift */,
				1C4D1E172A90522400CB39E2 /* RMCharacterViewController.swift */,
				1C4D1E192A90523300CB39E2 /* RMLocationViewController.swift */,
				1C4D1E1B2A90524500CB39E2 /* RMEpisodeViewController.swift */,
				1C4D1E1D2A90527300CB39E2 /* RMSettingsViewController.swift */,
			);
			path = Core;
			sourceTree = "<group>";
		};
		1C4D1E292A914DF600CB39E2 /* DataTypes */ = {
			isa = PBXGroup;
			children = (
				1C4D1E102A90517F00CB39E2 /* RMLocation.swift */,
				1C4D1E122A90519100CB39E2 /* RMCharacter.swift */,
				1C4D1E142A9051AC00CB39E2 /* RMEpisode.swift */,
				1C4D1E252A90711400CB39E2 /* RMOrigin.swift */,
				1C4D1E272A90718100CB39E2 /* RMSingleLocation.swift */,
			);
			path = DataTypes;
			sourceTree = "<group>";
		};
		1C4D1E2A2A914E0A00CB39E2 /* APIResponseTypes */ = {
			isa = PBXGroup;
			children = (
				1C4D1E2B2A914E2600CB39E2 /* RMGetAllCharactersResponse.swift */,
				1C51E38C2A9F00FA00BAFB6B /* RMGetAllEpisodesResponse.swift */,
			);
			path = APIResponseTypes;
			sourceTree = "<group>";
		};
		1C4D1E372A91C1C100CB39E2 /* Other */ = {
			isa = PBXGroup;
			children = (
				1C4D1E382A91C1E300CB39E2 /* RMCharacterDetailViewController.swift */,
				1C51E37B2A9C3E6700BAFB6B /* RMEpisodeDetailViewController.swift */,
				1C51E38E2AB7777000BAFB6B /* RMSearchViewController.swift */,
			);
			path = Other;
			sourceTree = "<group>";
		};
		1C4D1E432A95B29C00CB39E2 /* CharacterDetails */ = {
			isa = PBXGroup;
			children = (
				1C4D1E3A2A91C2B700CB39E2 /* RMCharacterDetailView.swift */,
				1C4D1E452A95B2EB00CB39E2 /* RMCharacterPhotoCollectionViewCell.swift */,
				1C4D1E472A95B2F800CB39E2 /* RMCharacterInfoCollectionViewCell.swift */,
				1C4D1E492A95B31000CB39E2 /* RMCharacterEpisodeCollectionViewCell.swift */,
			);
			path = CharacterDetails;
			sourceTree = "<group>";
		};
		1C4D1E442A95B2C300CB39E2 /* Character */ = {
			isa = PBXGroup;
			children = (
				1C4D1E2F2A91541000CB39E2 /* RMCharacterListView.swift */,
				1C4D1E332A91724100CB39E2 /* RMCharacterCollectionViewCell.swift */,
			);
			path = Character;
			sourceTree = "<group>";
		};
		1C4D1E4B2A95B32000CB39E2 /* CharacterDetail */ = {
			isa = PBXGroup;
			children = (
				1C4D1E3C2A91C2CF00CB39E2 /* RMCharacterDetailViewViewModel.swift */,
				1C4D1E4C2A95B34B00CB39E2 /* RMCharacterPhotoCollectionViewCellViewModel.swift */,
				1C4D1E4E2A95B36200CB39E2 /* RMCharacterInfoCollectionViewCellViewModel.swift */,
				1C4D1E502A95B37200CB39E2 /* RMCharacterEpisodeCollectionViewCellViewModel.swift */,
			);
			path = CharacterDetail;
			sourceTree = "<group>";
		};
		1C51E37F2A9C456E00BAFB6B /* EpisodeDetail */ = {
			isa = PBXGroup;
			children = (
				1C51E3802A9C458800BAFB6B /* RMEpisodeDetailViewViewModel.swift */,
				1C51E3942AB7BFA100BAFB6B /* RMEpisodeInfoCollectionViewCellViewModel.swift */,
			);
			path = EpisodeDetail;
			sourceTree = "<group>";
		};
		1C51E3822A9C45AE00BAFB6B /* EpisodeDetail */ = {
			isa = PBXGroup;
			children = (
				1C51E3912AB7BF4A00BAFB6B /* RMEpisodeInfoCollectionViewCell.swift */,
				1C51E3832A9C45C500BAFB6B /* RMEpisodeDetailView.swift */,
			);
			path = EpisodeDetail;
			sourceTree = "<group>";
		};
		1C51E3852A9EFBAD00BAFB6B /* Episode */ = {
			isa = PBXGroup;
			children = (
				1C51E3882A9EFBCB00BAFB6B /* RMEpisodeListView.swift */,
			);
			path = Episode;
			sourceTree = "<group>";
		};
		1C51E3962AB7E35500BAFB6B /* Settings */ = {
			isa = PBXGroup;
			children = (
				1C51E3972AB7E36700BAFB6B /* RMSettingsViewViewModel.swift */,
				1C51E3992AB7E3BC00BAFB6B /* RMSettingsCellViewModel.swift */,
				1C51E39B2AB7E45100BAFB6B /* RMSettingsOption.swift */,
			);
			path = Settings;
			sourceTree = "<group>";
		};
		1C51E39D2AB7E7E300BAFB6B /* SwiftUI  */ = {
			isa = PBXGroup;
			children = (
				1C51E39E2AB7E7FB00BAFB6B /* RMSettingsView.swift */,
			);
			path = "SwiftUI ";
			sourceTree = "<group>";
		};
		1CE9B7ED2A8DF4F3004FF901 = {
			isa = PBXGroup;
			children = (
				1CE9B7F82A8DF4F3004FF901 /* RickAndMorty */,
				1CE9B7F72A8DF4F3004FF901 /* Products */,
			);
			sourceTree = "<group>";
		};
		1CE9B7F72A8DF4F3004FF901 /* Products */ = {
			isa = PBXGroup;
			children = (
				1CE9B7F62A8DF4F3004FF901 /* RickAndMorty.app */,
			);
			name = Products;
			sourceTree = "<group>";
		};
		1CE9B7F82A8DF4F3004FF901 /* RickAndMorty */ = {
			isa = PBXGroup;
			children = (
				1CE9B8132A8FEF94004FF901 /* Resources */,
				1CE9B8122A8FEF87004FF901 /* APIClient */,
				1CE9B8112A8FEF78004FF901 /* Managers */,
				1CE9B8102A8FEF6D004FF901 /* ViewModels */,
				1CE9B80F2A8FEF66004FF901 /* Models */,
				1CE9B80E2A8FEF5D004FF901 /* Views */,
				1CE9B80D2A8FEF54004FF901 /* Controllers */,
				1CE9B8072A8DF50C004FF901 /* Info.plist */,
			);
			path = RickAndMorty;
			sourceTree = "<group>";
		};
		1CE9B80D2A8FEF54004FF901 /* Controllers */ = {
			isa = PBXGroup;
			children = (
				1C4D1E372A91C1C100CB39E2 /* Other */,
				1C4D1E162A9051FB00CB39E2 /* Core */,
			);
			path = Controllers;
			sourceTree = "<group>";
		};
		1CE9B80E2A8FEF5D004FF901 /* Views */ = {
			isa = PBXGroup;
			children = (
				1C51E39D2AB7E7E300BAFB6B /* SwiftUI  */,
				1C51E3852A9EFBAD00BAFB6B /* Episode */,
				1C51E3822A9C45AE00BAFB6B /* EpisodeDetail */,
				1C4D1E432A95B29C00CB39E2 /* CharacterDetails */,
				1C4D1E442A95B2C300CB39E2 /* Character */,
				1C4D1E3E2A9219A700CB39E2 /* RMFooterLoadingCollectionReusableView.swift */,
			);
			path = Views;
			sourceTree = "<group>";
		};
		1CE9B80F2A8FEF66004FF901 /* Models */ = {
			isa = PBXGroup;
			children = (
				1C4D1E2A2A914E0A00CB39E2 /* APIResponseTypes */,
				1C4D1E292A914DF600CB39E2 /* DataTypes */,
			);
			path = Models;
			sourceTree = "<group>";
		};
		1CE9B8102A8FEF6D004FF901 /* ViewModels */ = {
			isa = PBXGroup;
			children = (
				1C51E3962AB7E35500BAFB6B /* Settings */,
				1C51E37F2A9C456E00BAFB6B /* EpisodeDetail */,
				1C4D1E4B2A95B32000CB39E2 /* CharacterDetail */,
				1C4D1E2D2A91539D00CB39E2 /* RMCharacterListViewViewModel.swift */,
				1C4D1E352A91736D00CB39E2 /* RMCharacterCollectionViewCellViewModel.swift */,
				1C51E38A2A9EFE8F00BAFB6B /* RMEpisodeListViewViewModel.swift */,
			);
			path = ViewModels;
			sourceTree = "<group>";
		};
		1CE9B8112A8FEF78004FF901 /* Managers */ = {
			isa = PBXGroup;
			children = (
				1C4D1E412A957C9D00CB39E2 /* RMImageLoader.swift */,
				1C51E37D2A9C40FB00BAFB6B /* RMAPICacheManager.swift */,
			);
			path = Managers;
			sourceTree = "<group>";
		};
		1CE9B8122A8FEF87004FF901 /* APIClient */ = {
			isa = PBXGroup;
			children = (
				1C4D1E1F2A9065B600CB39E2 /* RMService.swift */,
				1C4D1E212A9065D100CB39E2 /* RMRequest.swift */,
				1C4D1E232A90665C00CB39E2 /* RMEndpoint.swift */,
			);
			path = APIClient;
			sourceTree = "<group>";
		};
		1CE9B8132A8FEF94004FF901 /* Resources */ = {
			isa = PBXGroup;
			children = (
				1CE9B7FB2A8DF4F3004FF901 /* SceneDelegate.swift */,
				1CE9B7F92A8DF4F3004FF901 /* AppDelegate.swift */,
				1CE9B8022A8DF50C004FF901 /* Assets.xcassets */,
				1CE9B8042A8DF50C004FF901 /* LaunchScreen.storyboard */,
				1C4D1E312A9157B400CB39E2 /* Extensions.swift */,
			);
			path = Resources;
			sourceTree = "<group>";
		};
/* End PBXGroup section */

/* Begin PBXNativeTarget section */
		1CE9B7F52A8DF4F3004FF901 /* RickAndMorty */ = {
			isa = PBXNativeTarget;
			buildConfigurationList = 1CE9B80A2A8DF50C004FF901 /* Build configuration list for PBXNativeTarget "RickAndMorty" */;
			buildPhases = (
				1CE9B7F22A8DF4F3004FF901 /* Sources */,
				1CE9B7F32A8DF4F3004FF901 /* Frameworks */,
				1CE9B7F42A8DF4F3004FF901 /* Resources */,
			);
			buildRules = (
			);
			dependencies = (
			);
			name = RickAndMorty;
			productName = RickAndMorty;
			productReference = 1CE9B7F62A8DF4F3004FF901 /* RickAndMorty.app */;
			productType = "com.apple.product-type.application";
		};
/* End PBXNativeTarget section */

/* Begin PBXProject section */
		1CE9B7EE2A8DF4F3004FF901 /* Project object */ = {
			isa = PBXProject;
			attributes = {
				BuildIndependentTargetsInParallel = 1;
				LastSwiftUpdateCheck = 1340;
				LastUpgradeCheck = 1340;
				TargetAttributes = {
					1CE9B7F52A8DF4F3004FF901 = {
						CreatedOnToolsVersion = 13.4.1;
					};
				};
			};
			buildConfigurationList = 1CE9B7F12A8DF4F3004FF901 /* Build configuration list for PBXProject "RickAndMorty" */;
			compatibilityVersion = "Xcode 13.0";
			developmentRegion = en;
			hasScannedForEncodings = 0;
			knownRegions = (
				en,
				Base,
			);
			mainGroup = 1CE9B7ED2A8DF4F3004FF901;
			productRefGroup = 1CE9B7F72A8DF4F3004FF901 /* Products */;
			projectDirPath = "";
			projectRoot = "";
			targets = (
				1CE9B7F52A8DF4F3004FF901 /* RickAndMorty */,
			);
		};
/* End PBXProject section */

/* Begin PBXResourcesBuildPhase section */
		1CE9B7F42A8DF4F3004FF901 /* Resources */ = {
			isa = PBXResourcesBuildPhase;
			buildActionMask = 2147483647;
			files = (
				1CE9B8062A8DF50C004FF901 /* LaunchScreen.storyboard in Resources */,
				1CE9B8032A8DF50C004FF901 /* Assets.xcassets in Resources */,
			);
			runOnlyForDeploymentPostprocessing = 0;
		};
/* End PBXResourcesBuildPhase section */

/* Begin PBXSourcesBuildPhase section */
		1CE9B7F22A8DF4F3004FF901 /* Sources */ = {
			isa = PBXSourcesBuildPhase;
			buildActionMask = 2147483647;
			files = (
				1C51E3952AB7BFA100BAFB6B /* RMEpisodeInfoCollectionViewCellViewModel.swift in Sources */,
				1C4D1E262A90711400CB39E2 /* RMOrigin.swift in Sources */,
				1C4D1E482A95B2F800CB39E2 /* RMCharacterInfoCollectionViewCell.swift in Sources */,
				1C4D1E282A90718100CB39E2 /* RMSingleLocation.swift in Sources */,
				1C4D1E462A95B2EB00CB39E2 /* RMCharacterPhotoCollectionViewCell.swift in Sources */,
				1C51E38B2A9EFE8F00BAFB6B /* RMEpisodeListViewViewModel.swift in Sources */,
				1C51E3922AB7BF4A00BAFB6B /* RMEpisodeInfoCollectionViewCell.swift in Sources */,
				1C4D1E392A91C1E300CB39E2 /* RMCharacterDetailViewController.swift in Sources */,
				1C51E39F2AB7E7FB00BAFB6B /* RMSettingsView.swift in Sources */,
				1C4D1E2E2A91539D00CB39E2 /* RMCharacterListViewViewModel.swift in Sources */,
				1C51E39A2AB7E3BC00BAFB6B /* RMSettingsCellViewModel.swift in Sources */,
				1C4D1E3B2A91C2B700CB39E2 /* RMCharacterDetailView.swift in Sources */,
				1C4D1E302A91541000CB39E2 /* RMCharacterListView.swift in Sources */,
				1C4D1E1A2A90523300CB39E2 /* RMLocationViewController.swift in Sources */,
				1C4D1E4F2A95B36200CB39E2 /* RMCharacterInfoCollectionViewCellViewModel.swift in Sources */,
				1C51E3982AB7E36700BAFB6B /* RMSettingsViewViewModel.swift in Sources */,
				1C4D1E4D2A95B34B00CB39E2 /* RMCharacterPhotoCollectionViewCellViewModel.swift in Sources */,
				1C4D1E342A91724100CB39E2 /* RMCharacterCollectionViewCell.swift in Sources */,
				1C4D1E152A9051AC00CB39E2 /* RMEpisode.swift in Sources */,
				1C4D1E2C2A914E2600CB39E2 /* RMGetAllCharactersResponse.swift in Sources */,
				1C4D1E322A9157B400CB39E2 /* Extensions.swift in Sources */,
				1CE9B7FE2A8DF4F3004FF901 /* RMTabBarController.swift in Sources */,
				1C51E3892A9EFBCB00BAFB6B /* RMEpisodeListView.swift in Sources */,
				1C51E37E2A9C40FB00BAFB6B /* RMAPICacheManager.swift in Sources */,
				1C51E38F2AB7777000BAFB6B /* RMSearchViewController.swift in Sources */,
				1C51E37C2A9C3E6700BAFB6B /* RMEpisodeDetailViewController.swift in Sources */,
				1C51E39C2AB7E45100BAFB6B /* RMSettingsOption.swift in Sources */,
				1C4D1E1C2A90524500CB39E2 /* RMEpisodeViewController.swift in Sources */,
				1C4D1E3D2A91C2CF00CB39E2 /* RMCharacterDetailViewViewModel.swift in Sources */,
				1CE9B7FA2A8DF4F3004FF901 /* AppDelegate.swift in Sources */,
				1CE9B7FC2A8DF4F3004FF901 /* SceneDelegate.swift in Sources */,
				1C51E3842A9C45C500BAFB6B /* RMEpisodeDetailView.swift in Sources */,
				1C4D1E4A2A95B31000CB39E2 /* RMCharacterEpisodeCollectionViewCell.swift in Sources */,
				1C4D1E1E2A90527300CB39E2 /* RMSettingsViewController.swift in Sources */,
				1C51E38D2A9F00FA00BAFB6B /* RMGetAllEpisodesResponse.swift in Sources */,
				1C4D1E512A95B37200CB39E2 /* RMCharacterEpisodeCollectionViewCellViewModel.swift in Sources */,
				1C4D1E202A9065B600CB39E2 /* RMService.swift in Sources */,
				1C4D1E112A90517F00CB39E2 /* RMLocation.swift in Sources */,
				1C4D1E242A90665C00CB39E2 /* RMEndpoint.swift in Sources */,
				1C4D1E132A90519100CB39E2 /* RMCharacter.swift in Sources */,
				1C4D1E422A957C9D00CB39E2 /* RMImageLoader.swift in Sources */,
				1C4D1E3F2A9219A700CB39E2 /* RMFooterLoadingCollectionReusableView.swift in Sources */,
				1C4D1E222A9065D200CB39E2 /* RMRequest.swift in Sources */,
				1C4D1E362A91736D00CB39E2 /* RMCharacterCollectionViewCellViewModel.swift in Sources */,
				1C51E3812A9C458800BAFB6B /* RMEpisodeDetailViewViewModel.swift in Sources */,
				1C4D1E182A90522400CB39E2 /* RMCharacterViewController.swift in Sources */,
			);
			runOnlyForDeploymentPostprocessing = 0;
		};
/* End PBXSourcesBuildPhase section */

/* Begin PBXVariantGroup section */
		1CE9B8042A8DF50C004FF901 /* LaunchScreen.storyboard */ = {
			isa = PBXVariantGroup;
			children = (
				1CE9B8052A8DF50C004FF901 /* Base */,
			);
			name = LaunchScreen.storyboard;
			sourceTree = "<group>";
		};
/* End PBXVariantGroup section */

/* Begin XCBuildConfiguration section */
		1CE9B8082A8DF50C004FF901 /* Debug */ = {
			isa = XCBuildConfiguration;
			buildSettings = {
				ALWAYS_SEARCH_USER_PATHS = NO;
				CLANG_ANALYZER_NONNULL = YES;
				CLANG_ANALYZER_NUMBER_OBJECT_CONVERSION = YES_AGGRESSIVE;
				CLANG_CXX_LANGUAGE_STANDARD = "gnu++17";
				CLANG_ENABLE_MODULES = YES;
				CLANG_ENABLE_OBJC_ARC = YES;
				CLANG_ENABLE_OBJC_WEAK = YES;
				CLANG_WARN_BLOCK_CAPTURE_AUTORELEASING = YES;
				CLANG_WARN_BOOL_CONVERSION = YES;
				CLANG_WARN_COMMA = YES;
				CLANG_WARN_CONSTANT_CONVERSION = YES;
				CLANG_WARN_DEPRECATED_OBJC_IMPLEMENTATIONS = YES;
				CLANG_WARN_DIRECT_OBJC_ISA_USAGE = YES_ERROR;
				CLANG_WARN_DOCUMENTATION_COMMENTS = YES;
				CLANG_WARN_EMPTY_BODY = YES;
				CLANG_WARN_ENUM_CONVERSION = YES;
				CLANG_WARN_INFINITE_RECURSION = YES;
				CLANG_WARN_INT_CONVERSION = YES;
				CLANG_WARN_NON_LITERAL_NULL_CONVERSION = YES;
				CLANG_WARN_OBJC_IMPLICIT_RETAIN_SELF = YES;
				CLANG_WARN_OBJC_LITERAL_CONVERSION = YES;
				CLANG_WARN_OBJC_ROOT_CLASS = YES_ERROR;
				CLANG_WARN_QUOTED_INCLUDE_IN_FRAMEWORK_HEADER = YES;
				CLANG_WARN_RANGE_LOOP_ANALYSIS = YES;
				CLANG_WARN_STRICT_PROTOTYPES = YES;
				CLANG_WARN_SUSPICIOUS_MOVE = YES;
				CLANG_WARN_UNGUARDED_AVAILABILITY = YES_AGGRESSIVE;
				CLANG_WARN_UNREACHABLE_CODE = YES;
				CLANG_WARN__DUPLICATE_METHOD_MATCH = YES;
				COPY_PHASE_STRIP = NO;
				DEBUG_INFORMATION_FORMAT = dwarf;
				ENABLE_STRICT_OBJC_MSGSEND = YES;
				ENABLE_TESTABILITY = YES;
				GCC_C_LANGUAGE_STANDARD = gnu11;
				GCC_DYNAMIC_NO_PIC = NO;
				GCC_NO_COMMON_BLOCKS = YES;
				GCC_OPTIMIZATION_LEVEL = 0;
				GCC_PREPROCESSOR_DEFINITIONS = (
					"DEBUG=1",
					"$(inherited)",
				);
				GCC_WARN_64_TO_32_BIT_CONVERSION = YES;
				GCC_WARN_ABOUT_RETURN_TYPE = YES_ERROR;
				GCC_WARN_UNDECLARED_SELECTOR = YES;
				GCC_WARN_UNINITIALIZED_AUTOS = YES_AGGRESSIVE;
				GCC_WARN_UNUSED_FUNCTION = YES;
				GCC_WARN_UNUSED_VARIABLE = YES;
				IPHONEOS_DEPLOYMENT_TARGET = 15.5;
				MTL_ENABLE_DEBUG_INFO = INCLUDE_SOURCE;
				MTL_FAST_MATH = YES;
				ONLY_ACTIVE_ARCH = YES;
				SDKROOT = iphoneos;
				SWIFT_ACTIVE_COMPILATION_CONDITIONS = DEBUG;
				SWIFT_OPTIMIZATION_LEVEL = "-Onone";
			};
			name = Debug;
		};
		1CE9B8092A8DF50C004FF901 /* Release */ = {
			isa = XCBuildConfiguration;
			buildSettings = {
				ALWAYS_SEARCH_USER_PATHS = NO;
				CLANG_ANALYZER_NONNULL = YES;
				CLANG_ANALYZER_NUMBER_OBJECT_CONVERSION = YES_AGGRESSIVE;
				CLANG_CXX_LANGUAGE_STANDARD = "gnu++17";
				CLANG_ENABLE_MODULES = YES;
				CLANG_ENABLE_OBJC_ARC = YES;
				CLANG_ENABLE_OBJC_WEAK = YES;
				CLANG_WARN_BLOCK_CAPTURE_AUTORELEASING = YES;
				CLANG_WARN_BOOL_CONVERSION = YES;
				CLANG_WARN_COMMA = YES;
				CLANG_WARN_CONSTANT_CONVERSION = YES;
				CLANG_WARN_DEPRECATED_OBJC_IMPLEMENTATIONS = YES;
				CLANG_WARN_DIRECT_OBJC_ISA_USAGE = YES_ERROR;
				CLANG_WARN_DOCUMENTATION_COMMENTS = YES;
				CLANG_WARN_EMPTY_BODY = YES;
				CLANG_WARN_ENUM_CONVERSION = YES;
				CLANG_WARN_INFINITE_RECURSION = YES;
				CLANG_WARN_INT_CONVERSION = YES;
				CLANG_WARN_NON_LITERAL_NULL_CONVERSION = YES;
				CLANG_WARN_OBJC_IMPLICIT_RETAIN_SELF = YES;
				CLANG_WARN_OBJC_LITERAL_CONVERSION = YES;
				CLANG_WARN_OBJC_ROOT_CLASS = YES_ERROR;
				CLANG_WARN_QUOTED_INCLUDE_IN_FRAMEWORK_HEADER = YES;
				CLANG_WARN_RANGE_LOOP_ANALYSIS = YES;
				CLANG_WARN_STRICT_PROTOTYPES = YES;
				CLANG_WARN_SUSPICIOUS_MOVE = YES;
				CLANG_WARN_UNGUARDED_AVAILABILITY = YES_AGGRESSIVE;
				CLANG_WARN_UNREACHABLE_CODE = YES;
				CLANG_WARN__DUPLICATE_METHOD_MATCH = YES;
				COPY_PHASE_STRIP = NO;
				DEBUG_INFORMATION_FORMAT = "dwarf-with-dsym";
				ENABLE_NS_ASSERTIONS = NO;
				ENABLE_STRICT_OBJC_MSGSEND = YES;
				GCC_C_LANGUAGE_STANDARD = gnu11;
				GCC_NO_COMMON_BLOCKS = YES;
				GCC_WARN_64_TO_32_BIT_CONVERSION = YES;
				GCC_WARN_ABOUT_RETURN_TYPE = YES_ERROR;
				GCC_WARN_UNDECLARED_SELECTOR = YES;
				GCC_WARN_UNINITIALIZED_AUTOS = YES_AGGRESSIVE;
				GCC_WARN_UNUSED_FUNCTION = YES;
				GCC_WARN_UNUSED_VARIABLE = YES;
				IPHONEOS_DEPLOYMENT_TARGET = 15.5;
				MTL_ENABLE_DEBUG_INFO = NO;
				MTL_FAST_MATH = YES;
				SDKROOT = iphoneos;
				SWIFT_COMPILATION_MODE = wholemodule;
				SWIFT_OPTIMIZATION_LEVEL = "-O";
				VALIDATE_PRODUCT = YES;
			};
			name = Release;
		};
		1CE9B80B2A8DF50C004FF901 /* Debug */ = {
			isa = XCBuildConfiguration;
			buildSettings = {
				ASSETCATALOG_COMPILER_APPICON_NAME = AppIcon;
				ASSETCATALOG_COMPILER_GLOBAL_ACCENT_COLOR_NAME = AccentColor;
				CODE_SIGN_STYLE = Automatic;
				CURRENT_PROJECT_VERSION = 1;
				DEVELOPMENT_TEAM = AZ4UFHPF3C;
				GENERATE_INFOPLIST_FILE = YES;
				INFOPLIST_FILE = RickAndMorty/Info.plist;
				INFOPLIST_KEY_CFBundleDisplayName = "Rick & Morty";
				INFOPLIST_KEY_UIApplicationSupportsIndirectInputEvents = YES;
				INFOPLIST_KEY_UILaunchStoryboardName = LaunchScreen;
				INFOPLIST_KEY_UISupportedInterfaceOrientations_iPad = "UIInterfaceOrientationPortrait UIInterfaceOrientationPortraitUpsideDown UIInterfaceOrientationLandscapeLeft UIInterfaceOrientationLandscapeRight";
				INFOPLIST_KEY_UISupportedInterfaceOrientations_iPhone = "UIInterfaceOrientationPortrait UIInterfaceOrientationLandscapeLeft UIInterfaceOrientationLandscapeRight";
				LD_RUNPATH_SEARCH_PATHS = (
					"$(inherited)",
					"@executable_path/Frameworks",
				);
				MARKETING_VERSION = 1.0;
				PRODUCT_BUNDLE_IDENTIFIER = com.KorolevSolutions.RickAndMorty;
				PRODUCT_NAME = "$(TARGET_NAME)";
				SWIFT_EMIT_LOC_STRINGS = YES;
				SWIFT_VERSION = 5.0;
				TARGETED_DEVICE_FAMILY = "1,2";
			};
			name = Debug;
		};
		1CE9B80C2A8DF50C004FF901 /* Release */ = {
			isa = XCBuildConfiguration;
			buildSettings = {
				ASSETCATALOG_COMPILER_APPICON_NAME = AppIcon;
				ASSETCATALOG_COMPILER_GLOBAL_ACCENT_COLOR_NAME = AccentColor;
				CODE_SIGN_STYLE = Automatic;
				CURRENT_PROJECT_VERSION = 1;
				DEVELOPMENT_TEAM = AZ4UFHPF3C;
				GENERATE_INFOPLIST_FILE = YES;
				INFOPLIST_FILE = RickAndMorty/Info.plist;
				INFOPLIST_KEY_CFBundleDisplayName = "Rick & Morty";
				INFOPLIST_KEY_UIApplicationSupportsIndirectInputEvents = YES;
				INFOPLIST_KEY_UILaunchStoryboardName = LaunchScreen;
				INFOPLIST_KEY_UISupportedInterfaceOrientations_iPad = "UIInterfaceOrientationPortrait UIInterfaceOrientationPortraitUpsideDown UIInterfaceOrientationLandscapeLeft UIInterfaceOrientationLandscapeRight";
				INFOPLIST_KEY_UISupportedInterfaceOrientations_iPhone = "UIInterfaceOrientationPortrait UIInterfaceOrientationLandscapeLeft UIInterfaceOrientationLandscapeRight";
				LD_RUNPATH_SEARCH_PATHS = (
					"$(inherited)",
					"@executable_path/Frameworks",
				);
				MARKETING_VERSION = 1.0;
				PRODUCT_BUNDLE_IDENTIFIER = com.KorolevSolutions.RickAndMorty;
				PRODUCT_NAME = "$(TARGET_NAME)";
				SWIFT_EMIT_LOC_STRINGS = YES;
				SWIFT_VERSION = 5.0;
				TARGETED_DEVICE_FAMILY = "1,2";
			};
			name = Release;
		};
/* End XCBuildConfiguration section */

/* Begin XCConfigurationList section */
		1CE9B7F12A8DF4F3004FF901 /* Build configuration list for PBXProject "RickAndMorty" */ = {
			isa = XCConfigurationList;
			buildConfigurations = (
				1CE9B8082A8DF50C004FF901 /* Debug */,
				1CE9B8092A8DF50C004FF901 /* Release */,
			);
			defaultConfigurationIsVisible = 0;
			defaultConfigurationName = Release;
		};
		1CE9B80A2A8DF50C004FF901 /* Build configuration list for PBXNativeTarget "RickAndMorty" */ = {
			isa = XCConfigurationList;
			buildConfigurations = (
				1CE9B80B2A8DF50C004FF901 /* Debug */,
				1CE9B80C2A8DF50C004FF901 /* Release */,
			);
			defaultConfigurationIsVisible = 0;
			defaultConfigurationName = Release;
		};
/* End XCConfigurationList section */
	};
	rootObject = 1CE9B7EE2A8DF4F3004FF901 /* Project object */;
}
